
Microsoft Visual Studio Solution File, Format Version 12.00
# Visual Studio 15
VisualStudioVersion = 15.0.28307.168
MinimumVisualStudioVersion = 10.0.40219.1
Project("{FAE04EC0-301F-11D3-BF4B-00C04F79EFBC}") = "hex2rom", "hex2rom\hex2rom.csproj", "{7A1D12DA-B909-4297-B97F-862C470266B2}"
EndProject
Project("{FAE04EC0-301F-11D3-BF4B-00C04F79EFBC}") = "dss52", "dss52\dss52.csproj", "{2BEEE261-CBD9-40F9-9519-BBC2C23994EA}"
EndProject
Global
	GlobalSection(SolutionConfigurationPlatforms) = preSolution
		Debug|Any CPU = Debug|Any CPU
		Debug|x64 = Debug|x64
		Debug|x86 = Debug|x86
		Release|Any CPU = Release|Any CPU
		Release|x64 = Release|x64
		Release|x86 = Release|x86
	EndGlobalSection
	GlobalSection(ProjectConfigurationPlatforms) = postSolution
		{7A1D12DA-B909-4297-B97F-862C470266B2}.Debug|Any CPU.ActiveCfg = Debug|Any CPU
		{7A1D12DA-B909-4297-B97F-862C470266B2}.Debug|Any CPU.Build.0 = Debug|Any CPU
		{7A1D12DA-B909-4297-B97F-862C470266B2}.Debug|x64.ActiveCfg = Debug|Any CPU
		{7A1D12DA-B909-4297-B97F-862C470266B2}.Debug|x64.Build.0 = Debug|Any CPU
		{7A1D12DA-B909-4297-B97F-862C470266B2}.Debug|x86.ActiveCfg = Debug|Any CPU
		{7A1D12DA-B909-4297-B97F-862C470266B2}.Debug|x86.Build.0 = Debug|Any CPU
		{7A1D12DA-B909-4297-B97F-862C470266B2}.Release|Any CPU.ActiveCfg = Release|Any CPU
		{7A1D12DA-B909-4297-B97F-862C470266B2}.Release|Any CPU.Build.0 = Release|Any CPU
		{7A1D12DA-B909-4297-B97F-862C470266B2}.Release|x64.ActiveCfg = Release|Any CPU
		{7A1D12DA-B909-4297-B97F-862C470266B2}.Release|x64.Build.0 = Release|Any CPU
		{7A1D12DA-B909-4297-B97F-862C470266B2}.Release|x86.ActiveCfg = Release|Any CPU
		{7A1D12DA-B909-4297-B97F-862C470266B2}.Release|x86.Build.0 = Release|Any CPU
		{2BEEE261-CBD9-40F9-9519-BBC2C23994EA}.Debug|Any CPU.ActiveCfg = Debug|Any CPU
		{2BEEE261-CBD9-40F9-9519-BBC2C23994EA}.Debug|Any CPU.Build.0 = Debug|Any CPU
		{2BEEE261-CBD9-40F9-9519-BBC2C23994EA}.Debug|x64.ActiveCfg = Debug|x64
		{2BEEE261-CBD9-40F9-9519-BBC2C23994EA}.Debug|x64.Build.0 = Debug|x64
		{2BEEE261-CBD9-40F9-9519-BBC2C23994EA}.Debug|x86.ActiveCfg = Debug|x86
		{2BEEE261-CBD9-40F9-9519-BBC2C23994EA}.Debug|x86.Build.0 = Debug|x86
		{2BEEE261-CBD9-40F9-9519-BBC2C23994EA}.Release|Any CPU.ActiveCfg = Release|Any CPU
		{2BEEE261-CBD9-40F9-9519-BBC2C23994EA}.Release|Any CPU.Build.0 = Release|Any CPU
		{2BEEE261-CBD9-40F9-9519-BBC2C23994EA}.Release|x64.ActiveCfg = Release|x64
		{2BEEE261-CBD9-40F9-9519-BBC2C23994EA}.Release|x64.Build.0 = Release|x64
		{2BEEE261-CBD9-40F9-9519-BBC2C23994EA}.Release|x86.ActiveCfg = Release|x86
		{2BEEE261-CBD9-40F9-9519-BBC2C23994EA}.Release|x86.Build.0 = Release|x86
	EndGlobalSection
	GlobalSection(SolutionProperties) = preSolution
		HideSolutionNode = FALSE
	EndGlobalSection
	GlobalSection(ExtensibilityGlobals) = postSolution
		SolutionGuid = {A94907C7-7789-4209-880D-BDDC26E67AFE}
	EndGlobalSection
EndGlobal
